<?xml version="1.0" encoding="UTF-8" standalone="yes" ?>
<CodeBlocks_project_file>
	<FileVersion major="1" minor="6" />
	<Project>
		<Option title="2D" />
		<Option pch_mode="2" />
		<Option compiler="gcc" />
		<Build>
			<Target title="Debug">
				<Option output="bin/Debug/2D" prefix_auto="1" extension_auto="1" />
				<Option object_output="obj/Debug/" />
				<Option type="1" />
				<Option compiler="gcc" />
				<Compiler>
					<Add option="-g" />
				</Compiler>
			</Target>
			<Target title="Release">
				<Option output="bin/Release/2D" prefix_auto="1" extension_auto="1" />
				<Option object_output="obj/Release/" />
				<Option type="1" />
				<Option compiler="gcc" />
				<Compiler>
					<Add option="-O2" />
				</Compiler>
				<Linker>
					<Add option="-s" />
				</Linker>
			</Target>
		</Build>
		<Compiler>
			<Add option="-Wall" />
		</Compiler>
		<Unit filename="main.c">
			<Option compilerVar="CC" />
		</Unit>
		<Unit filename="src/AppGLES2.c">
			<Option compilerVar="CC" />
		</Unit>
		<Unit filename="src/AppGLES2.h" />
		<Unit filename="src/Button.c">
			<Option compilerVar="CC" />
		</Unit>
		<Unit filename="src/Button.h" />
		<Unit filename="src/Cube.c">
			<Option compilerVar="CC" />
		</Unit>
		<Unit filename="src/Cube.h" />
		<Unit filename="src/CubeColor.c">
			<Option compilerVar="CC" />
		</Unit>
		<Unit filename="src/CubeColor.h" />
		<Unit filename="src/Shader.c">
			<Option compilerVar="CC" />
		</Unit>
		<Unit filename="src/Shader.h" />
		<Unit filename="src/Texture.c">
			<Option compilerVar="CC" />
		</Unit>
		<Unit filename="src/Texture.h" />
		<Unit filename="src/shared.c">
			<Option compilerVar="CC" />
		</Unit>
		<Unit filename="src/shared.h" />
		<Extensions>
			<code_completion />
			<envvars />
			<debugger />
		</Extensions>
	</Project>
</CodeBlocks_project_file>
